
Microsoft Visual Studio Solution File, Format Version 11.00
# Visual Studio 2010
Project("{FAE04EC0-301F-11D3-BF4B-00C04F79EFBC}") = "2013", "2013\2013.csproj", "{E4D0C2A8-DF7B-4B80-9CA3-292CF061307C}"
EndProject
Project("{FAE04EC0-301F-11D3-BF4B-00C04F79EFBC}") = "codeeval.com", "codeeval.com\codeeval.com.csproj", "{EB94B5E9-CA54-493A-8206-027D18022F0B}"
EndProject
Project("{FAE04EC0-301F-11D3-BF4B-00C04F79EFBC}") = "gist-6647474", "gists\CSharp-Prime-Algorithms-IEnumerator\gist-6647474.csproj", "{F0A32394-4E4A-46B6-8AD0-B50B30B49D41}"
EndProject
Global
	GlobalSection(SolutionConfigurationPlatforms) = preSolution
		Debug|x86 = Debug|x86
		Release|x86 = Release|x86
	EndGlobalSection
	GlobalSection(ProjectConfigurationPlatforms) = postSolution
		{E4D0C2A8-DF7B-4B80-9CA3-292CF061307C}.Debug|x86.ActiveCfg = Debug|x86
		{E4D0C2A8-DF7B-4B80-9CA3-292CF061307C}.Debug|x86.Build.0 = Debug|x86
		{E4D0C2A8-DF7B-4B80-9CA3-292CF061307C}.Release|x86.ActiveCfg = Release|x86
		{E4D0C2A8-DF7B-4B80-9CA3-292CF061307C}.Release|x86.Build.0 = Release|x86
		{EB94B5E9-CA54-493A-8206-027D18022F0B}.Debug|x86.ActiveCfg = Debug|x86
		{EB94B5E9-CA54-493A-8206-027D18022F0B}.Debug|x86.Build.0 = Debug|x86
		{EB94B5E9-CA54-493A-8206-027D18022F0B}.Release|x86.ActiveCfg = Release|x86
		{EB94B5E9-CA54-493A-8206-027D18022F0B}.Release|x86.Build.0 = Release|x86
		{F0A32394-4E4A-46B6-8AD0-B50B30B49D41}.Debug|x86.ActiveCfg = Debug|x86
		{F0A32394-4E4A-46B6-8AD0-B50B30B49D41}.Debug|x86.Build.0 = Debug|x86
		{F0A32394-4E4A-46B6-8AD0-B50B30B49D41}.Release|x86.ActiveCfg = Release|x86
		{F0A32394-4E4A-46B6-8AD0-B50B30B49D41}.Release|x86.Build.0 = Release|x86
	EndGlobalSection
	GlobalSection(MonoDevelopProperties) = preSolution
		StartupItem = codeeval.com\codeeval.com.csproj
	EndGlobalSection
EndGlobal
